// !$*UTF8*$!
{
	archiveVersion = 1;
	classes = {
	};
	objectVersion = 46;
	objects = {

/* Begin PBXBuildFile section */
		2207F6CE1EC975FB003E1C69 /* AppDelegate.swift in Sources */ = {isa = PBXBuildFile; fileRef = 2207F6CD1EC975FB003E1C69 /* AppDelegate.swift */; };
		2207F6D01EC975FB003E1C69 /* FirstViewController.swift in Sources */ = {isa = PBXBuildFile; fileRef = 2207F6CF1EC975FB003E1C69 /* FirstViewController.swift */; };
		2207F6D21EC975FB003E1C69 /* SecondViewController.swift in Sources */ = {isa = PBXBuildFile; fileRef = 2207F6D11EC975FB003E1C69 /* SecondViewController.swift */; };
		2207F6D51EC975FB003E1C69 /* Main.storyboard in Resources */ = {isa = PBXBuildFile; fileRef = 2207F6D31EC975FB003E1C69 /* Main.storyboard */; };
		2207F6D71EC975FB003E1C69 /* Assets.xcassets in Resources */ = {isa = PBXBuildFile; fileRef = 2207F6D61EC975FB003E1C69 /* Assets.xcassets */; };
		2207F6DA1EC975FB003E1C69 /* LaunchScreen.storyboard in Resources */ = {isa = PBXBuildFile; fileRef = 2207F6D81EC975FB003E1C69 /* LaunchScreen.storyboard */; };
		2207F6E51EC975FB003E1C69 /* DoneToDoTests.swift in Sources */ = {isa = PBXBuildFile; fileRef = 2207F6E41EC975FB003E1C69 /* DoneToDoTests.swift */; };
		2207F6F01EC975FB003E1C69 /* DoneToDoUITests.swift in Sources */ = {isa = PBXBuildFile; fileRef = 2207F6EF1EC975FB003E1C69 /* DoneToDoUITests.swift */; };
		2207F6FF1EC98D52003E1C69 /* MainTabBarController.swift in Sources */ = {isa = PBXBuildFile; fileRef = 2207F6FE1EC98D52003E1C69 /* MainTabBarController.swift */; };
		2207F7001EC98D52003E1C69 /* MainTabBarController.swift in Sources */ = {isa = PBXBuildFile; fileRef = 2207F6FE1EC98D52003E1C69 /* MainTabBarController.swift */; };
		2207F7011EC98D52003E1C69 /* MainTabBarController.swift in Sources */ = {isa = PBXBuildFile; fileRef = 2207F6FE1EC98D52003E1C69 /* MainTabBarController.swift */; };
		22DC2CA61ED0ACDB00FD7B13 /* Model.xcdatamodeld in Sources */ = {isa = PBXBuildFile; fileRef = 22DC2CA41ED0ACDB00FD7B13 /* Model.xcdatamodeld */; };
		22DC2CA71ED0ACDB00FD7B13 /* Model.xcdatamodeld in Sources */ = {isa = PBXBuildFile; fileRef = 22DC2CA41ED0ACDB00FD7B13 /* Model.xcdatamodeld */; };
		22DC2CA81ED0ACDB00FD7B13 /* Model.xcdatamodeld in Sources */ = {isa = PBXBuildFile; fileRef = 22DC2CA41ED0ACDB00FD7B13 /* Model.xcdatamodeld */; };
		22DC2CAC1ED0AE3200FD7B13 /* Todo.swift in Sources */ = {isa = PBXBuildFile; fileRef = 22DC2CAB1ED0AE3200FD7B13 /* Todo.swift */; };
		22DC2CAD1ED0AE3200FD7B13 /* Todo.swift in Sources */ = {isa = PBXBuildFile; fileRef = 22DC2CAB1ED0AE3200FD7B13 /* Todo.swift */; };
		22DC2CAE1ED0AE3200FD7B13 /* Todo.swift in Sources */ = {isa = PBXBuildFile; fileRef = 22DC2CAB1ED0AE3200FD7B13 /* Todo.swift */; };
		22F535DC1EC9A4BD00AA8DC7 /* CreateToDoViewController.swift in Sources */ = {isa = PBXBuildFile; fileRef = 22F535DB1EC9A4BD00AA8DC7 /* CreateToDoViewController.swift */; };
/* End PBXBuildFile section */

/* Begin PBXContainerItemProxy section */
		2207F6E11EC975FB003E1C69 /* PBXContainerItemProxy */ = {
			isa = PBXContainerItemProxy;
			containerPortal = 2207F6C21EC975FA003E1C69 /* Project object */;
			proxyType = 1;
			remoteGlobalIDString = 2207F6C91EC975FA003E1C69;
			remoteInfo = DoneToDo;
		};
		2207F6EC1EC975FB003E1C69 /* PBXContainerItemProxy */ = {
			isa = PBXContainerItemProxy;
			containerPortal = 2207F6C21EC975FA003E1C69 /* Project object */;
			proxyType = 1;
			remoteGlobalIDString = 2207F6C91EC975FA003E1C69;
			remoteInfo = DoneToDo;
		};
/* End PBXContainerItemProxy section */

/* Begin PBXFileReference section */
		2207F6CA1EC975FB003E1C69 /* DoneToDo.app */ = {isa = PBXFileReference; explicitFileType = wrapper.application; includeInIndex = 0; path = DoneToDo.app; sourceTree = BUILT_PRODUCTS_DIR; };
		2207F6CD1EC975FB003E1C69 /* AppDelegate.swift */ = {isa = PBXFileReference; lastKnownFileType = sourcecode.swift; path = AppDelegate.swift; sourceTree = "<group>"; };
		2207F6CF1EC975FB003E1C69 /* FirstViewController.swift */ = {isa = PBXFileReference; lastKnownFileType = sourcecode.swift; path = FirstViewController.swift; sourceTree = "<group>"; };
		2207F6D11EC975FB003E1C69 /* SecondViewController.swift */ = {isa = PBXFileReference; lastKnownFileType = sourcecode.swift; path = SecondViewController.swift; sourceTree = "<group>"; };
		2207F6D41EC975FB003E1C69 /* Base */ = {isa = PBXFileReference; lastKnownFileType = file.storyboard; name = Base; path = Base.lproj/Main.storyboard; sourceTree = "<group>"; };
		2207F6D61EC975FB003E1C69 /* Assets.xcassets */ = {isa = PBXFileReference; lastKnownFileType = folder.assetcatalog; path = Assets.xcassets; sourceTree = "<group>"; };
		2207F6D91EC975FB003E1C69 /* Base */ = {isa = PBXFileReference; lastKnownFileType = file.storyboard; name = Base; path = Base.lproj/LaunchScreen.storyboard; sourceTree = "<group>"; };
		2207F6DB1EC975FB003E1C69 /* Info.plist */ = {isa = PBXFileReference; lastKnownFileType = text.plist.xml; path = Info.plist; sourceTree = "<group>"; };
		2207F6E01EC975FB003E1C69 /* DoneToDoTests.xctest */ = {isa = PBXFileReference; explicitFileType = wrapper.cfbundle; includeInIndex = 0; path = DoneToDoTests.xctest; sourceTree = BUILT_PRODUCTS_DIR; };
		2207F6E41EC975FB003E1C69 /* DoneToDoTests.swift */ = {isa = PBXFileReference; lastKnownFileType = sourcecode.swift; path = DoneToDoTests.swift; sourceTree = "<group>"; };
		2207F6E61EC975FB003E1C69 /* Info.plist */ = {isa = PBXFileReference; lastKnownFileType = text.plist.xml; path = Info.plist; sourceTree = "<group>"; };
		2207F6EB1EC975FB003E1C69 /* DoneToDoUITests.xctest */ = {isa = PBXFileReference; explicitFileType = wrapper.cfbundle; includeInIndex = 0; path = DoneToDoUITests.xctest; sourceTree = BUILT_PRODUCTS_DIR; };
		2207F6EF1EC975FB003E1C69 /* DoneToDoUITests.swift */ = {isa = PBXFileReference; lastKnownFileType = sourcecode.swift; path = DoneToDoUITests.swift; sourceTree = "<group>"; };
		2207F6F11EC975FB003E1C69 /* Info.plist */ = {isa = PBXFileReference; lastKnownFileType = text.plist.xml; path = Info.plist; sourceTree = "<group>"; };
		2207F6FE1EC98D52003E1C69 /* MainTabBarController.swift */ = {isa = PBXFileReference; fileEncoding = 4; lastKnownFileType = sourcecode.swift; path = MainTabBarController.swift; sourceTree = "<group>"; };
		22DC2CA51ED0ACDB00FD7B13 /* Model.xcdatamodel */ = {isa = PBXFileReference; lastKnownFileType = wrapper.xcdatamodel; path = Model.xcdatamodel; sourceTree = "<group>"; };
		22DC2CAB1ED0AE3200FD7B13 /* Todo.swift */ = {isa = PBXFileReference; fileEncoding = 4; lastKnownFileType = sourcecode.swift; path = Todo.swift; sourceTree = "<group>"; };
		22F535DB1EC9A4BD00AA8DC7 /* CreateToDoViewController.swift */ = {isa = PBXFileReference; fileEncoding = 4; lastKnownFileType = sourcecode.swift; path = CreateToDoViewController.swift; sourceTree = "<group>"; };
/* End PBXFileReference section */

/* Begin PBXFrameworksBuildPhase section */
		2207F6C71EC975FA003E1C69 /* Frameworks */ = {
			isa = PBXFrameworksBuildPhase;
			buildActionMask = 2147483647;
			files = (
			);
			runOnlyForDeploymentPostprocessing = 0;
		};
		2207F6DD1EC975FB003E1C69 /* Frameworks */ = {
			isa = PBXFrameworksBuildPhase;
			buildActionMask = 2147483647;
			files = (
			);
			runOnlyForDeploymentPostprocessing = 0;
		};
		2207F6E81EC975FB003E1C69 /* Frameworks */ = {
			isa = PBXFrameworksBuildPhase;
			buildActionMask = 2147483647;
			files = (
			);
			runOnlyForDeploymentPostprocessing = 0;
		};
/* End PBXFrameworksBuildPhase section */

/* Begin PBXGroup section */
		2207F6C11EC975FA003E1C69 = {
			isa = PBXGroup;
			children = (
				2207F6CC1EC975FB003E1C69 /* DoneToDo */,
				2207F6E31EC975FB003E1C69 /* DoneToDoTests */,
				2207F6EE1EC975FB003E1C69 /* DoneToDoUITests */,
				2207F6CB1EC975FB003E1C69 /* Products */,
			);
			sourceTree = "<group>";
		};
		2207F6CB1EC975FB003E1C69 /* Products */ = {
			isa = PBXGroup;
			children = (
				2207F6CA1EC975FB003E1C69 /* DoneToDo.app */,
				2207F6E01EC975FB003E1C69 /* DoneToDoTests.xctest */,
				2207F6EB1EC975FB003E1C69 /* DoneToDoUITests.xctest */,
			);
			name = Products;
			sourceTree = "<group>";
		};
		2207F6CC1EC975FB003E1C69 /* DoneToDo */ = {
			isa = PBXGroup;
			children = (
				22DC2CAA1ED0AE0800FD7B13 /* CoreData */,
				2207F6FD1EC98CDF003E1C69 /* ViewControllers */,
				22DC2CA91ED0ADCD00FD7B13 /* storyboard */,
				2207F6CD1EC975FB003E1C69 /* AppDelegate.swift */,
				2207F6D61EC975FB003E1C69 /* Assets.xcassets */,
				2207F6DB1EC975FB003E1C69 /* Info.plist */,
			);
			path = DoneToDo;
			sourceTree = "<group>";
		};
		2207F6E31EC975FB003E1C69 /* DoneToDoTests */ = {
			isa = PBXGroup;
			children = (
				2207F6E41EC975FB003E1C69 /* DoneToDoTests.swift */,
				2207F6E61EC975FB003E1C69 /* Info.plist */,
			);
			path = DoneToDoTests;
			sourceTree = "<group>";
		};
		2207F6EE1EC975FB003E1C69 /* DoneToDoUITests */ = {
			isa = PBXGroup;
			children = (
				2207F6EF1EC975FB003E1C69 /* DoneToDoUITests.swift */,
				2207F6F11EC975FB003E1C69 /* Info.plist */,
			);
			path = DoneToDoUITests;
			sourceTree = "<group>";
		};
		2207F6FD1EC98CDF003E1C69 /* ViewControllers */ = {
			isa = PBXGroup;
			children = (
				2207F6CF1EC975FB003E1C69 /* FirstViewController.swift */,
				2207F6D11EC975FB003E1C69 /* SecondViewController.swift */,
				2207F6FE1EC98D52003E1C69 /* MainTabBarController.swift */,
				22F535DB1EC9A4BD00AA8DC7 /* CreateToDoViewController.swift */,
			);
			name = ViewControllers;
			sourceTree = "<group>";
		};
		22DC2CA91ED0ADCD00FD7B13 /* storyboard */ = {
			isa = PBXGroup;
			children = (
				2207F6D31EC975FB003E1C69 /* Main.storyboard */,
				2207F6D81EC975FB003E1C69 /* LaunchScreen.storyboard */,
			);
			name = storyboard;
			sourceTree = "<group>";
		};
		22DC2CAA1ED0AE0800FD7B13 /* CoreData */ = {
			isa = PBXGroup;
			children = (
				22DC2CA41ED0ACDB00FD7B13 /* Model.xcdatamodeld */,
				22DC2CAB1ED0AE3200FD7B13 /* Todo.swift */,
			);
			name = CoreData;
			sourceTree = "<group>";
		};
/* End PBXGroup section */

/* Begin PBXNativeTarget section */
		2207F6C91EC975FA003E1C69 /* DoneToDo */ = {
			isa = PBXNativeTarget;
			buildConfigurationList = 2207F6F41EC975FB003E1C69 /* Build configuration list for PBXNativeTarget "DoneToDo" */;
			buildPhases = (
				2207F6C61EC975FA003E1C69 /* Sources */,
				2207F6C71EC975FA003E1C69 /* Frameworks */,
				2207F6C81EC975FA003E1C69 /* Resources */,
			);
			buildRules = (
			);
			dependencies = (
			);
			name = DoneToDo;
			productName = DoneToDo;
			productReference = 2207F6CA1EC975FB003E1C69 /* DoneToDo.app */;
			productType = "com.apple.product-type.application";
		};
		2207F6DF1EC975FB003E1C69 /* DoneToDoTests */ = {
			isa = PBXNativeTarget;
			buildConfigurationList = 2207F6F71EC975FB003E1C69 /* Build configuration list for PBXNativeTarget "DoneToDoTests" */;
			buildPhases = (
				2207F6DC1EC975FB003E1C69 /* Sources */,
				2207F6DD1EC975FB003E1C69 /* Frameworks */,
				2207F6DE1EC975FB003E1C69 /* Resources */,
			);
			buildRules = (
			);
			dependencies = (
				2207F6E21EC975FB003E1C69 /* PBXTargetDependency */,
			);
			name = DoneToDoTests;
			productName = DoneToDoTests;
			productReference = 2207F6E01EC975FB003E1C69 /* DoneToDoTests.xctest */;
			productType = "com.apple.product-type.bundle.unit-test";
		};
		2207F6EA1EC975FB003E1C69 /* DoneToDoUITests */ = {
			isa = PBXNativeTarget;
			buildConfigurationList = 2207F6FA1EC975FB003E1C69 /* Build configuration list for PBXNativeTarget "DoneToDoUITests" */;
			buildPhases = (
				2207F6E71EC975FB003E1C69 /* Sources */,
				2207F6E81EC975FB003E1C69 /* Frameworks */,
				2207F6E91EC975FB003E1C69 /* Resources */,
			);
			buildRules = (
			);
			dependencies = (
				2207F6ED1EC975FB003E1C69 /* PBXTargetDependency */,
			);
			name = DoneToDoUITests;
			productName = DoneToDoUITests;
			productReference = 2207F6EB1EC975FB003E1C69 /* DoneToDoUITests.xctest */;
			productType = "com.apple.product-type.bundle.ui-testing";
		};
/* End PBXNativeTarget section */

/* Begin PBXProject section */
		2207F6C21EC975FA003E1C69 /* Project object */ = {
			isa = PBXProject;
			attributes = {
				LastSwiftUpdateCheck = 0830;
				LastUpgradeCheck = 0830;
				ORGANIZATIONNAME = Sam;
				TargetAttributes = {
					2207F6C91EC975FA003E1C69 = {
						CreatedOnToolsVersion = 8.3.2;
						DevelopmentTeam = YS8G3L23A7;
						ProvisioningStyle = Automatic;
					};
					2207F6DF1EC975FB003E1C69 = {
						CreatedOnToolsVersion = 8.3.2;
						DevelopmentTeam = YS8G3L23A7;
						ProvisioningStyle = Automatic;
						TestTargetID = 2207F6C91EC975FA003E1C69;
					};
					2207F6EA1EC975FB003E1C69 = {
						CreatedOnToolsVersion = 8.3.2;
						DevelopmentTeam = YS8G3L23A7;
						ProvisioningStyle = Automatic;
						TestTargetID = 2207F6C91EC975FA003E1C69;
					};
				};
			};
			buildConfigurationList = 2207F6C51EC975FA003E1C69 /* Build configuration list for PBXProject "DoneToDo" */;
			compatibilityVersion = "Xcode 3.2";
			developmentRegion = English;
			hasScannedForEncodings = 0;
			knownRegions = (
				en,
				Base,
			);
			mainGroup = 2207F6C11EC975FA003E1C69;
			productRefGroup = 2207F6CB1EC975FB003E1C69 /* Products */;
			projectDirPath = "";
			projectRoot = "";
			targets = (
				2207F6C91EC975FA003E1C69 /* DoneToDo */,
				2207F6DF1EC975FB003E1C69 /* DoneToDoTests */,
				2207F6EA1EC975FB003E1C69 /* DoneToDoUITests */,
			);
		};
/* End PBXProject section */

/* Begin PBXResourcesBuildPhase section */
		2207F6C81EC975FA003E1C69 /* Resources */ = {
			isa = PBXResourcesBuildPhase;
			buildActionMask = 2147483647;
			files = (
				2207F6DA1EC975FB003E1C69 /* LaunchScreen.storyboard in Resources */,
				2207F6D71EC975FB003E1C69 /* Assets.xcassets in Resources */,
				2207F6D51EC975FB003E1C69 /* Main.storyboard in Resources */,
			);
			runOnlyForDeploymentPostprocessing = 0;
		};
		2207F6DE1EC975FB003E1C69 /* Resources */ = {
			isa = PBXResourcesBuildPhase;
			buildActionMask = 2147483647;
			files = (
			);
			runOnlyForDeploymentPostprocessing = 0;
		};
		2207F6E91EC975FB003E1C69 /* Resources */ = {
			isa = PBXResourcesBuildPhase;
			buildActionMask = 2147483647;
			files = (
			);
			runOnlyForDeploymentPostprocessing = 0;
		};
/* End PBXResourcesBuildPhase section */

/* Begin PBXSourcesBuildPhase section */
		2207F6C61EC975FA003E1C69 /* Sources */ = {
			isa = PBXSourcesBuildPhase;
			buildActionMask = 2147483647;
			files = (
				22DC2CAC1ED0AE3200FD7B13 /* Todo.swift in Sources */,
				2207F6D21EC975FB003E1C69 /* SecondViewController.swift in Sources */,
				2207F6CE1EC975FB003E1C69 /* AppDelegate.swift in Sources */,
				22F535DC1EC9A4BD00AA8DC7 /* CreateToDoViewController.swift in Sources */,
				2207F6FF1EC98D52003E1C69 /* MainTabBarController.swift in Sources */,
				2207F6D01EC975FB003E1C69 /* FirstViewController.swift in Sources */,
				22DC2CA61ED0ACDB00FD7B13 /* Model.xcdatamodeld in Sources */,
			);
			runOnlyForDeploymentPostprocessing = 0;
		};
		2207F6DC1EC975FB003E1C69 /* Sources */ = {
			isa = PBXSourcesBuildPhase;
			buildActionMask = 2147483647;
			files = (
				2207F7001EC98D52003E1C69 /* MainTabBarController.swift in Sources */,
				2207F6E51EC975FB003E1C69 /* DoneToDoTests.swift in Sources */,
				22DC2CA71ED0ACDB00FD7B13 /* Model.xcdatamodeld in Sources */,
				22DC2CAD1ED0AE3200FD7B13 /* Todo.swift in Sources */,
			);
			runOnlyForDeploymentPostprocessing = 0;
		};
		2207F6E71EC975FB003E1C69 /* Sources */ = {
			isa = PBXSourcesBuildPhase;
			buildActionMask = 2147483647;
			files = (
				2207F7011EC98D52003E1C69 /* MainTabBarController.swift in Sources */,
				2207F6F01EC975FB003E1C69 /* DoneToDoUITests.swift in Sources */,
				22DC2CA81ED0ACDB00FD7B13 /* Model.xcdatamodeld in Sources */,
				22DC2CAE1ED0AE3200FD7B13 /* Todo.swift in Sources */,
			);
			runOnlyForDeploymentPostprocessing = 0;
		};
/* End PBXSourcesBuildPhase section */

/* Begin PBXTargetDependency section */
		2207F6E21EC975FB003E1C69 /* PBXTargetDependency */ = {
			isa = PBXTargetDependency;
			target = 2207F6C91EC975FA003E1C69 /* DoneToDo */;
			targetProxy = 2207F6E11EC975FB003E1C69 /* PBXContainerItemProxy */;
		};
		2207F6ED1EC975FB003E1C69 /* PBXTargetDependency */ = {
			isa = PBXTargetDependency;
			target = 2207F6C91EC975FA003E1C69 /* DoneToDo */;
			targetProxy = 2207F6EC1EC975FB003E1C69 /* PBXContainerItemProxy */;
		};
/* End PBXTargetDependency section */

/* Begin PBXVariantGroup section */
		2207F6D31EC975FB003E1C69 /* Main.storyboard */ = {
			isa = PBXVariantGroup;
			children = (
				2207F6D41EC975FB003E1C69 /* Base */,
			);
			name = Main.storyboard;
			sourceTree = "<group>";
		};
		2207F6D81EC975FB003E1C69 /* LaunchScreen.storyboard */ = {
			isa = PBXVariantGroup;
			children = (
				2207F6D91EC975FB003E1C69 /* Base */,
			);
			name = LaunchScreen.storyboard;
			sourceTree = "<group>";
		};
/* End PBXVariantGroup section */

/* Begin XCBuildConfiguration section */
		2207F6F21EC975FB003E1C69 /* Debug */ = {
			isa = XCBuildConfiguration;
			buildSettings = {
				ALWAYS_SEARCH_USER_PATHS = NO;
				CLANG_ANALYZER_NONNULL = YES;
				CLANG_ANALYZER_NUMBER_OBJECT_CONVERSION = YES_AGGRESSIVE;
				CLANG_CXX_LANGUAGE_STANDARD = "gnu++0x";
				CLANG_CXX_LIBRARY = "libc++";
				CLANG_ENABLE_MODULES = YES;
				CLANG_ENABLE_OBJC_ARC = YES;
				CLANG_WARN_BOOL_CONVERSION = YES;
				CLANG_WARN_CONSTANT_CONVERSION = YES;
				CLANG_WARN_DIRECT_OBJC_ISA_USAGE = YES_ERROR;
				CLANG_WARN_DOCUMENTATION_COMMENTS = YES;
				CLANG_WARN_EMPTY_BODY = YES;
				CLANG_WARN_ENUM_CONVERSION = YES;
				CLANG_WARN_INFINITE_RECURSION = YES;
				CLANG_WARN_INT_CONVERSION = YES;
				CLANG_WARN_OBJC_ROOT_CLASS = YES_ERROR;
				CLANG_WARN_SUSPICIOUS_MOVE = YES;
				CLANG_WARN_UNREACHABLE_CODE = YES;
				CLANG_WARN__DUPLICATE_METHOD_MATCH = YES;
				"CODE_SIGN_IDENTITY[sdk=iphoneos*]" = "iPhone Developer";
				COPY_PHASE_STRIP = NO;
				DEBUG_INFORMATION_FORMAT = dwarf;
				ENABLE_STRICT_OBJC_MSGSEND = YES;
				ENABLE_TESTABILITY = YES;
				GCC_C_LANGUAGE_STANDARD = gnu99;
				GCC_DYNAMIC_NO_PIC = NO;
				GCC_NO_COMMON_BLOCKS = YES;
				GCC_OPTIMIZATION_LEVEL = 0;
				GCC_PREPROCESSOR_DEFINITIONS = (
					"DEBUG=1",
					"$(inherited)",
				);
				GCC_WARN_64_TO_32_BIT_CONVERSION = YES;
				GCC_WARN_ABOUT_RETURN_TYPE = YES_ERROR;
				GCC_WARN_UNDECLARED_SELECTOR = YES;
				GCC_WARN_UNINITIALIZED_AUTOS = YES_AGGRESSIVE;
				GCC_WARN_UNUSED_FUNCTION = YES;
				GCC_WARN_UNUSED_VARIABLE = YES;
				IPHONEOS_DEPLOYMENT_TARGET = 10.3;
				MTL_ENABLE_DEBUG_INFO = YES;
				ONLY_ACTIVE_ARCH = YES;
				SDKROOT = iphoneos;
				SWIFT_ACTIVE_COMPILATION_CONDITIONS = DEBUG;
				SWIFT_OPTIMIZATION_LEVEL = "-Onone";
				TARGETED_DEVICE_FAMILY = "1,2";
			};
			name = Debug;
		};
		2207F6F31EC975FB003E1C69 /* Release */ = {
			isa = XCBuildConfiguration;
			buildSettings = {
				ALWAYS_SEARCH_USER_PATHS = NO;
				CLANG_ANALYZER_NONNULL = YES;
				CLANG_ANALYZER_NUMBER_OBJECT_CONVERSION = YES_AGGRESSIVE;
				CLANG_CXX_LANGUAGE_STANDARD = "gnu++0x";
				CLANG_CXX_LIBRARY = "libc++";
				CLANG_ENABLE_MODULES = YES;
				CLANG_ENABLE_OBJC_ARC = YES;
				CLANG_WARN_BOOL_CONVERSION = YES;
				CLANG_WARN_CONSTANT_CONVERSION = YES;
				CLANG_WARN_DIRECT_OBJC_ISA_USAGE = YES_ERROR;
				CLANG_WARN_DOCUMENTATION_COMMENTS = YES;
				CLANG_WARN_EMPTY_BODY = YES;
				CLANG_WARN_ENUM_CONVERSION = YES;
				CLANG_WARN_INFINITE_RECURSION = YES;
				CLANG_WARN_INT_CONVERSION = YES;
				CLANG_WARN_OBJC_ROOT_CLASS = YES_ERROR;
				CLANG_WARN_SUSPICIOUS_MOVE = YES;
				CLANG_WARN_UNREACHABLE_CODE = YES;
				CLANG_WARN__DUPLICATE_METHOD_MATCH = YES;
				"CODE_SIGN_IDENTITY[sdk=iphoneos*]" = "iPhone Developer";
				COPY_PHASE_STRIP = NO;
				DEBUG_INFORMATION_FORMAT = "dwarf-with-dsym";
				ENABLE_NS_ASSERTIONS = NO;
				ENABLE_STRICT_OBJC_MSGSEND = YES;
				GCC_C_LANGUAGE_STANDARD = gnu99;
				GCC_NO_COMMON_BLOCKS = YES;
				GCC_WARN_64_TO_32_BIT_CONVERSION = YES;
				GCC_WARN_ABOUT_RETURN_TYPE = YES_ERROR;
				GCC_WARN_UNDECLARED_SELECTOR = YES;
				GCC_WARN_UNINITIALIZED_AUTOS = YES_AGGRESSIVE;
				GCC_WARN_UNUSED_FUNCTION = YES;
				GCC_WARN_UNUSED_VARIABLE = YES;
				IPHONEOS_DEPLOYMENT_TARGET = 10.3;
				MTL_ENABLE_DEBUG_INFO = NO;
				SDKROOT = iphoneos;
				SWIFT_OPTIMIZATION_LEVEL = "-Owholemodule";
				TARGETED_DEVICE_FAMILY = "1,2";
				VALIDATE_PRODUCT = YES;
			};
			name = Release;
		};
		2207F6F51EC975FB003E1C69 /* Debug */ = {
			isa = XCBuildConfiguration;
			buildSettings = {
				ASSETCATALOG_COMPILER_APPICON_NAME = AppIcon;
				DEVELOPMENT_TEAM = YS8G3L23A7;
				INFOPLIST_FILE = DoneToDo/Info.plist;
				LD_RUNPATH_SEARCH_PATHS = "$(inherited) @executable_path/Frameworks";
				PRODUCT_BUNDLE_IDENTIFIER = com.full.sam.DoneToDo;
				PRODUCT_NAME = "$(TARGET_NAME)";
				SWIFT_VERSION = 3.0;
			};
			name = Debug;
		};
		2207F6F61EC975FB003E1C69 /* Release */ = {
			isa = XCBuildConfiguration;
			buildSettings = {
				ASSETCATALOG_COMPILER_APPICON_NAME = AppIcon;
				DEVELOPMENT_TEAM = YS8G3L23A7;
				INFOPLIST_FILE = DoneToDo/Info.plist;
				LD_RUNPATH_SEARCH_PATHS = "$(inherited) @executable_path/Frameworks";
				PRODUCT_BUNDLE_IDENTIFIER = com.full.sam.DoneToDo;
				PRODUCT_NAME = "$(TARGET_NAME)";
				SWIFT_VERSION = 3.0;
			};
			name = Release;
		};
		2207F6F81EC975FB003E1C69 /* Debug */ = {
			isa = XCBuildConfiguration;
			buildSettings = {
				ALWAYS_EMBED_SWIFT_STANDARD_LIBRARIES = YES;
				BUNDLE_LOADER = "$(TEST_HOST)";
				DEVELOPMENT_TEAM = YS8G3L23A7;
				INFOPLIST_FILE = DoneToDoTests/Info.plist;
				LD_RUNPATH_SEARCH_PATHS = "$(inherited) @executable_path/Frameworks @loader_path/Frameworks";
				PRODUCT_BUNDLE_IDENTIFIER = com.full.sam.DoneToDoTests;
				PRODUCT_NAME = "$(TARGET_NAME)";
				SWIFT_VERSION = 3.0;
				TEST_HOST = "$(BUILT_PRODUCTS_DIR)/DoneToDo.app/DoneToDo";
			};
			name = Debug;
		};
		2207F6F91EC975FB003E1C69 /* Release */ = {
			isa = XCBuildConfiguration;
			buildSettings = {
				ALWAYS_EMBED_SWIFT_STANDARD_LIBRARIES = YES;
				BUNDLE_LOADER = "$(TEST_HOST)";
				DEVELOPMENT_TEAM = YS8G3L23A7;
				INFOPLIST_FILE = DoneToDoTests/Info.plist;
				LD_RUNPATH_SEARCH_PATHS = "$(inherited) @executable_path/Frameworks @loader_path/Frameworks";
				PRODUCT_BUNDLE_IDENTIFIER = com.full.sam.DoneToDoTests;
				PRODUCT_NAME = "$(TARGET_NAME)";
				SWIFT_VERSION = 3.0;
				TEST_HOST = "$(BUILT_PRODUCTS_DIR)/DoneToDo.app/DoneToDo";
			};
			name = Release;
		};
		2207F6FB1EC975FB003E1C69 /* Debug */ = {
			isa = XCBuildConfiguration;
			buildSettings = {
				ALWAYS_EMBED_SWIFT_STANDARD_LIBRARIES = YES;
				DEVELOPMENT_TEAM = YS8G3L23A7;
				INFOPLIST_FILE = DoneToDoUITests/Info.plist;
				LD_RUNPATH_SEARCH_PATHS = "$(inherited) @executable_path/Frameworks @loader_path/Frameworks";
				PRODUCT_BUNDLE_IDENTIFIER = com.full.sam.DoneToDoUITests;
				PRODUCT_NAME = "$(TARGET_NAME)";
				SWIFT_VERSION = 3.0;
				TEST_TARGET_NAME = DoneToDo;
			};
			name = Debug;
		};
		2207F6FC1EC975FB003E1C69 /* Release */ = {
			isa = XCBuildConfiguration;
			buildSettings = {
				ALWAYS_EMBED_SWIFT_STANDARD_LIBRARIES = YES;
				DEVELOPMENT_TEAM = YS8G3L23A7;
				INFOPLIST_FILE = DoneToDoUITests/Info.plist;
				LD_RUNPATH_SEARCH_PATHS = "$(inherited) @executable_path/Frameworks @loader_path/Frameworks";
				PRODUCT_BUNDLE_IDENTIFIER = com.full.sam.DoneToDoUITests;
				PRODUCT_NAME = "$(TARGET_NAME)";
				SWIFT_VERSION = 3.0;
				TEST_TARGET_NAME = DoneToDo;
			};
			name = Release;
		};
/* End XCBuildConfiguration section */

/* Begin XCConfigurationList section */
		2207F6C51EC975FA003E1C69 /* Build configuration list for PBXProject "DoneToDo" */ = {
			isa = XCConfigurationList;
			buildConfigurations = (
				2207F6F21EC975FB003E1C69 /* Debug */,
				2207F6F31EC975FB003E1C69 /* Release */,
			);
			defaultConfigurationIsVisible = 0;
			defaultConfigurationName = Release;
		};
		2207F6F41EC975FB003E1C69 /* Build configuration list for PBXNativeTarget "DoneToDo" */ = {
			isa = XCConfigurationList;
			buildConfigurations = (
				2207F6F51EC975FB003E1C69 /* Debug */,
				2207F6F61EC975FB003E1C69 /* Release */,
			);
			defaultConfigurationIsVisible = 0;
			defaultConfigurationName = Release;
		};
		2207F6F71EC975FB003E1C69 /* Build configuration list for PBXNativeTarget "DoneToDoTests" */ = {
			isa = XCConfigurationList;
			buildConfigurations = (
				2207F6F81EC975FB003E1C69 /* Debug */,
				2207F6F91EC975FB003E1C69 /* Release */,
			);
			defaultConfigurationIsVisible = 0;
			defaultConfigurationName = Release;
		};
		2207F6FA1EC975FB003E1C69 /* Build configuration list for PBXNativeTarget "DoneToDoUITests" */ = {
			isa = XCConfigurationList;
			buildConfigurations = (
				2207F6FB1EC975FB003E1C69 /* Debug */,
				2207F6FC1EC975FB003E1C69 /* Release */,
			);
			defaultConfigurationIsVisible = 0;
			defaultConfigurationName = Release;
		};
/* End XCConfigurationList section */

/* Begin XCVersionGroup section */
		22DC2CA41ED0ACDB00FD7B13 /* Model.xcdatamodeld */ = {
			isa = XCVersionGroup;
			children = (
				22DC2CA51ED0ACDB00FD7B13 /* Model.xcdatamodel */,
			);
			currentVersion = 22DC2CA51ED0ACDB00FD7B13 /* Model.xcdatamodel */;
			name = Model.xcdatamodeld;
			path = ../Model.xcdatamodeld;
			sourceTree = "<group>";
			versionGroupType = wrapper.xcdatamodel;
		};
/* End XCVersionGroup section */
	};
	rootObject = 2207F6C21EC975FA003E1C69 /* Project object */;
}
